
Microsoft Visual Studio Solution File, Format Version 12.00
# Visual Studio Version 17
VisualStudioVersion = 17.0.31903.59
MinimumVisualStudioVersion = 10.0.40219.1
Project("{FAE04EC0-301F-11D3-BF4B-00C04F79EFBC}") = "StringApi", "StringApi\StringApi.csproj", "{65F540FA-A123-47D7-8F24-D182D51A0511}"
EndProject
Project("{FAE04EC0-301F-11D3-BF4B-00C04F79EFBC}") = "StringLib", "StringLib\StringLib.csproj", "{3C97974B-00A2-48F0-AA74-5BCC18263A83}"
EndProject
Global
	GlobalSection(SolutionConfigurationPlatforms) = preSolution
		Debug|Any CPU = Debug|Any CPU
		Release|Any CPU = Release|Any CPU
	EndGlobalSection
	GlobalSection(SolutionProperties) = preSolution
		HideSolutionNode = FALSE
	EndGlobalSection
	GlobalSection(ProjectConfigurationPlatforms) = postSolution
		{65F540FA-A123-47D7-8F24-D182D51A0511}.Debug|Any CPU.ActiveCfg = Debug|Any CPU
		{65F540FA-A123-47D7-8F24-D182D51A0511}.Debug|Any CPU.Build.0 = Debug|Any CPU
		{65F540FA-A123-47D7-8F24-D182D51A0511}.Release|Any CPU.ActiveCfg = Release|Any CPU
		{65F540FA-A123-47D7-8F24-D182D51A0511}.Release|Any CPU.Build.0 = Release|Any CPU
		{3C97974B-00A2-48F0-AA74-5BCC18263A83}.Debug|Any CPU.ActiveCfg = Debug|Any CPU
		{3C97974B-00A2-48F0-AA74-5BCC18263A83}.Debug|Any CPU.Build.0 = Debug|Any CPU
		{3C97974B-00A2-48F0-AA74-5BCC18263A83}.Release|Any CPU.ActiveCfg = Release|Any CPU
		{3C97974B-00A2-48F0-AA74-5BCC18263A83}.Release|Any CPU.Build.0 = Release|Any CPU
	EndGlobalSection
EndGlobal
