
Microsoft Visual Studio Solution File, Format Version 12.00
# Visual Studio Version 17
VisualStudioVersion = 17.5.002.0
MinimumVisualStudioVersion = 10.0.40219.1
Project("{9A19103F-16F7-4668-BE54-9A1E7A4F7556}") = "EmployeeApp", "EmployeeApp.csproj", "{801D7998-379B-4FED-87C9-B7DEB4D64145}"
EndProject
Global
	GlobalSection(SolutionConfigurationPlatforms) = preSolution
		Debug|Any CPU = Debug|Any CPU
		Release|Any CPU = Release|Any CPU
	EndGlobalSection
	GlobalSection(ProjectConfigurationPlatforms) = postSolution
		{801D7998-379B-4FED-87C9-B7DEB4D64145}.Debug|Any CPU.ActiveCfg = Debug|Any CPU
		{801D7998-379B-4FED-87C9-B7DEB4D64145}.Debug|Any CPU.Build.0 = Debug|Any CPU
		{801D7998-379B-4FED-87C9-B7DEB4D64145}.Release|Any CPU.ActiveCfg = Release|Any CPU
		{801D7998-379B-4FED-87C9-B7DEB4D64145}.Release|Any CPU.Build.0 = Release|Any CPU
	EndGlobalSection
	GlobalSection(SolutionProperties) = preSolution
		HideSolutionNode = FALSE
	EndGlobalSection
	GlobalSection(ExtensibilityGlobals) = postSolution
		SolutionGuid = {27FC0F6D-D835-4CBC-9C81-22573B0A2A05}
	EndGlobalSection
EndGlobal
