
Microsoft Visual Studio Solution File, Format Version 12.00
# Visual Studio Version 17
VisualStudioVersion = 17.0.31903.59
MinimumVisualStudioVersion = 10.0.40219.1
Project("{9A19103F-16F7-4668-BE54-9A1E7A4F7556}") = "StaticApi", "StaticApi\StaticApi.csproj", "{8E7C4FB0-45CC-4E39-906D-2F14C06B0C6C}"
EndProject
Project("{FAE04EC0-301F-11D3-BF4B-00C04F79EFBC}") = "Mathlib", "Mathlib\Mathlib.csproj", "{6A637A35-1E6F-46AD-9CC7-99D60E1ED1A1}"
EndProject
Global
	GlobalSection(SolutionConfigurationPlatforms) = preSolution
		Debug|Any CPU = Debug|Any CPU
		Release|Any CPU = Release|Any CPU
	EndGlobalSection
	GlobalSection(ProjectConfigurationPlatforms) = postSolution
		{8E7C4FB0-45CC-4E39-906D-2F14C06B0C6C}.Debug|Any CPU.ActiveCfg = Debug|Any CPU
		{8E7C4FB0-45CC-4E39-906D-2F14C06B0C6C}.Debug|Any CPU.Build.0 = Debug|Any CPU
		{8E7C4FB0-45CC-4E39-906D-2F14C06B0C6C}.Release|Any CPU.ActiveCfg = Release|Any CPU
		{8E7C4FB0-45CC-4E39-906D-2F14C06B0C6C}.Release|Any CPU.Build.0 = Release|Any CPU
		{6A637A35-1E6F-46AD-9CC7-99D60E1ED1A1}.Debug|Any CPU.ActiveCfg = Debug|Any CPU
		{6A637A35-1E6F-46AD-9CC7-99D60E1ED1A1}.Debug|Any CPU.Build.0 = Debug|Any CPU
		{6A637A35-1E6F-46AD-9CC7-99D60E1ED1A1}.Release|Any CPU.ActiveCfg = Release|Any CPU
		{6A637A35-1E6F-46AD-9CC7-99D60E1ED1A1}.Release|Any CPU.Build.0 = Release|Any CPU
	EndGlobalSection
	GlobalSection(SolutionProperties) = preSolution
		HideSolutionNode = FALSE
	EndGlobalSection
EndGlobal
