
Microsoft Visual Studio Solution File, Format Version 12.00
# Visual Studio Version 17
VisualStudioVersion = 17.0.31903.59
MinimumVisualStudioVersion = 10.0.40219.1
Project("{FAE04EC0-301F-11D3-BF4B-00C04F79EFBC}") = "BlogApi", "BlogApi\BlogApi.csproj", "{77354D93-7E54-41BE-B711-7262DF3D6E2A}"
EndProject
Project("{FAE04EC0-301F-11D3-BF4B-00C04F79EFBC}") = "BlogEntities", "BlogEntities\BlogEntities.csproj", "{B582BAAB-8CCB-4E8F-95E8-BA68CE49F692}"
EndProject
Project("{FAE04EC0-301F-11D3-BF4B-00C04F79EFBC}") = "BlogRepositories", "BlogRepositories\BlogRepositories.csproj", "{27A2CDA4-2329-4505-860D-08E7DB12E74B}"
EndProject
Global
	GlobalSection(SolutionConfigurationPlatforms) = preSolution
		Debug|Any CPU = Debug|Any CPU
		Release|Any CPU = Release|Any CPU
	EndGlobalSection
	GlobalSection(SolutionProperties) = preSolution
		HideSolutionNode = FALSE
	EndGlobalSection
	GlobalSection(ProjectConfigurationPlatforms) = postSolution
		{77354D93-7E54-41BE-B711-7262DF3D6E2A}.Debug|Any CPU.ActiveCfg = Debug|Any CPU
		{77354D93-7E54-41BE-B711-7262DF3D6E2A}.Debug|Any CPU.Build.0 = Debug|Any CPU
		{77354D93-7E54-41BE-B711-7262DF3D6E2A}.Release|Any CPU.ActiveCfg = Release|Any CPU
		{77354D93-7E54-41BE-B711-7262DF3D6E2A}.Release|Any CPU.Build.0 = Release|Any CPU
		{B582BAAB-8CCB-4E8F-95E8-BA68CE49F692}.Debug|Any CPU.ActiveCfg = Debug|Any CPU
		{B582BAAB-8CCB-4E8F-95E8-BA68CE49F692}.Debug|Any CPU.Build.0 = Debug|Any CPU
		{B582BAAB-8CCB-4E8F-95E8-BA68CE49F692}.Release|Any CPU.ActiveCfg = Release|Any CPU
		{B582BAAB-8CCB-4E8F-95E8-BA68CE49F692}.Release|Any CPU.Build.0 = Release|Any CPU
		{27A2CDA4-2329-4505-860D-08E7DB12E74B}.Debug|Any CPU.ActiveCfg = Debug|Any CPU
		{27A2CDA4-2329-4505-860D-08E7DB12E74B}.Debug|Any CPU.Build.0 = Debug|Any CPU
		{27A2CDA4-2329-4505-860D-08E7DB12E74B}.Release|Any CPU.ActiveCfg = Release|Any CPU
		{27A2CDA4-2329-4505-860D-08E7DB12E74B}.Release|Any CPU.Build.0 = Release|Any CPU
	EndGlobalSection
EndGlobal
