
Microsoft Visual Studio Solution File, Format Version 12.00
# Visual Studio Version 17
VisualStudioVersion = 17.5.002.0
MinimumVisualStudioVersion = 10.0.40219.1
Project("{9A19103F-16F7-4668-BE54-9A1E7A4F7556}") = "StaticApi", "StaticApi.csproj", "{17663BB7-10D4-4CCB-83B1-C722BE22A816}"
EndProject
Global
	GlobalSection(SolutionConfigurationPlatforms) = preSolution
		Debug|Any CPU = Debug|Any CPU
		Release|Any CPU = Release|Any CPU
	EndGlobalSection
	GlobalSection(ProjectConfigurationPlatforms) = postSolution
		{17663BB7-10D4-4CCB-83B1-C722BE22A816}.Debug|Any CPU.ActiveCfg = Debug|Any CPU
		{17663BB7-10D4-4CCB-83B1-C722BE22A816}.Debug|Any CPU.Build.0 = Debug|Any CPU
		{17663BB7-10D4-4CCB-83B1-C722BE22A816}.Release|Any CPU.ActiveCfg = Release|Any CPU
		{17663BB7-10D4-4CCB-83B1-C722BE22A816}.Release|Any CPU.Build.0 = Release|Any CPU
	EndGlobalSection
	GlobalSection(SolutionProperties) = preSolution
		HideSolutionNode = FALSE
	EndGlobalSection
	GlobalSection(ExtensibilityGlobals) = postSolution
		SolutionGuid = {8F6EC1BF-27FC-48AE-8F9B-2E0C88ABFD7F}
	EndGlobalSection
EndGlobal
